
Microsoft Visual Studio Solution File, Format Version 12.00
# Visual Studio 15
VisualStudioVersion = 15.0.28010.2046
MinimumVisualStudioVersion = 10.0.40219.1
Project("{FAE04EC0-301F-11D3-BF4B-00C04F79EFBC}") = "SignalR", "SignalR\SignalR.csproj", "{C7F4D155-3011-47B8-B8FA-06526B4BE6EC}"
EndProject
Global
	GlobalSection(SolutionConfigurationPlatforms) = preSolution
		Debug|Any CPU = Debug|Any CPU
		Release|Any CPU = Release|Any CPU
	EndGlobalSection
	GlobalSection(ProjectConfigurationPlatforms) = postSolution
		{C7F4D155-3011-47B8-B8FA-06526B4BE6EC}.Debug|Any CPU.ActiveCfg = Debug|Any CPU
		{C7F4D155-3011-47B8-B8FA-06526B4BE6EC}.Debug|Any CPU.Build.0 = Debug|Any CPU
		{C7F4D155-3011-47B8-B8FA-06526B4BE6EC}.Release|Any CPU.ActiveCfg = Release|Any CPU
		{C7F4D155-3011-47B8-B8FA-06526B4BE6EC}.Release|Any CPU.Build.0 = Release|Any CPU
	EndGlobalSection
	GlobalSection(SolutionProperties) = preSolution
		HideSolutionNode = FALSE
	EndGlobalSection
	GlobalSection(ExtensibilityGlobals) = postSolution
		SolutionGuid = {EB630ACC-72FA-4BC0-9C77-FE08D022814E}
	EndGlobalSection
EndGlobal
